
Microsoft Visual Studio Solution File, Format Version 12.00
# Visual Studio Version 16
VisualStudioVersion = 16.0.29806.167
MinimumVisualStudioVersion = 10.0.40219.1
Project("{FAE04EC0-301F-11D3-BF4B-00C04F79EFBC}") = "GMR", "GMR.csproj", "{42BBACF0-3482-47D9-9EC7-34D7F154DB61}"
EndProject
Project("{FAE04EC0-301F-11D3-BF4B-00C04F79EFBC}") = "GMR.DAL", "..\GMR.DAL\GMR.DAL.csproj", "{9B7DA819-9638-4911-9B50-D3393CFC1467}"
EndProject
Project("{FAE04EC0-301F-11D3-BF4B-00C04F79EFBC}") = "GMR.DAL.Abstractions", "..\GMR.DAL.Abstractions\GMR.DAL.Abstractions.csproj", "{BE0F2FE2-043B-4C0E-A270-9CCD7661CCE0}"
EndProject
Project("{FAE04EC0-301F-11D3-BF4B-00C04F79EFBC}") = "GMR.BLL.Abstractions", "..\GMR.BLL.Abstractions\GMR.BLL.Abstractions.csproj", "{C1B6B7B5-D12E-419E-8B78-D44E3BDC5200}"
EndProject
Project("{FAE04EC0-301F-11D3-BF4B-00C04F79EFBC}") = "GMR.BLL", "..\GMR.BLL\GMR.BLL.csproj", "{B2D78520-37A7-4FE2-9C29-31DAC234D979}"
EndProject
Project("{FAE04EC0-301F-11D3-BF4B-00C04F79EFBC}") = "GMR.Animation", "..\GMR.Animation\GMR.Animation.csproj", "{F57E0DBE-B8C5-4DC7-9351-EDF1BCEA596E}"
EndProject
Global
	GlobalSection(SolutionConfigurationPlatforms) = preSolution
		Debug|Any CPU = Debug|Any CPU
		Release|Any CPU = Release|Any CPU
	EndGlobalSection
	GlobalSection(ProjectConfigurationPlatforms) = postSolution
		{42BBACF0-3482-47D9-9EC7-34D7F154DB61}.Debug|Any CPU.ActiveCfg = Debug|Any CPU
		{42BBACF0-3482-47D9-9EC7-34D7F154DB61}.Debug|Any CPU.Build.0 = Debug|Any CPU
		{42BBACF0-3482-47D9-9EC7-34D7F154DB61}.Release|Any CPU.ActiveCfg = Release|Any CPU
		{42BBACF0-3482-47D9-9EC7-34D7F154DB61}.Release|Any CPU.Build.0 = Release|Any CPU
		{9B7DA819-9638-4911-9B50-D3393CFC1467}.Debug|Any CPU.ActiveCfg = Debug|Any CPU
		{9B7DA819-9638-4911-9B50-D3393CFC1467}.Debug|Any CPU.Build.0 = Debug|Any CPU
		{9B7DA819-9638-4911-9B50-D3393CFC1467}.Release|Any CPU.ActiveCfg = Release|Any CPU
		{9B7DA819-9638-4911-9B50-D3393CFC1467}.Release|Any CPU.Build.0 = Release|Any CPU
		{BE0F2FE2-043B-4C0E-A270-9CCD7661CCE0}.Debug|Any CPU.ActiveCfg = Debug|Any CPU
		{BE0F2FE2-043B-4C0E-A270-9CCD7661CCE0}.Debug|Any CPU.Build.0 = Debug|Any CPU
		{BE0F2FE2-043B-4C0E-A270-9CCD7661CCE0}.Release|Any CPU.ActiveCfg = Release|Any CPU
		{BE0F2FE2-043B-4C0E-A270-9CCD7661CCE0}.Release|Any CPU.Build.0 = Release|Any CPU
		{C1B6B7B5-D12E-419E-8B78-D44E3BDC5200}.Debug|Any CPU.ActiveCfg = Debug|Any CPU
		{C1B6B7B5-D12E-419E-8B78-D44E3BDC5200}.Debug|Any CPU.Build.0 = Debug|Any CPU
		{C1B6B7B5-D12E-419E-8B78-D44E3BDC5200}.Release|Any CPU.ActiveCfg = Release|Any CPU
		{C1B6B7B5-D12E-419E-8B78-D44E3BDC5200}.Release|Any CPU.Build.0 = Release|Any CPU
		{B2D78520-37A7-4FE2-9C29-31DAC234D979}.Debug|Any CPU.ActiveCfg = Debug|Any CPU
		{B2D78520-37A7-4FE2-9C29-31DAC234D979}.Debug|Any CPU.Build.0 = Debug|Any CPU
		{B2D78520-37A7-4FE2-9C29-31DAC234D979}.Release|Any CPU.ActiveCfg = Release|Any CPU
		{B2D78520-37A7-4FE2-9C29-31DAC234D979}.Release|Any CPU.Build.0 = Release|Any CPU
		{F57E0DBE-B8C5-4DC7-9351-EDF1BCEA596E}.Debug|Any CPU.ActiveCfg = Debug|Any CPU
		{F57E0DBE-B8C5-4DC7-9351-EDF1BCEA596E}.Debug|Any CPU.Build.0 = Debug|Any CPU
		{F57E0DBE-B8C5-4DC7-9351-EDF1BCEA596E}.Release|Any CPU.ActiveCfg = Release|Any CPU
		{F57E0DBE-B8C5-4DC7-9351-EDF1BCEA596E}.Release|Any CPU.Build.0 = Release|Any CPU
	EndGlobalSection
	GlobalSection(SolutionProperties) = preSolution
		HideSolutionNode = FALSE
	EndGlobalSection
	GlobalSection(ExtensibilityGlobals) = postSolution
		SolutionGuid = {A58EAEC7-08EE-4F71-8AEC-4DB7CC527CFC}
	EndGlobalSection
EndGlobal
